
Microsoft Visual Studio Solution File, Format Version 12.00
# Visual Studio Version 16
VisualStudioVersion = 16.0.30204.135
MinimumVisualStudioVersion = 10.0.40219.1
Project("{9A19103F-16F7-4668-BE54-9A1E7A4F7556}") = "Gabinete.API", "Gabinete.API.csproj", "{E2580019-C7F0-40C7-8FE5-3D1BE8C4EF4F}"
EndProject
Project("{2150E333-8FDC-42A3-9474-1A3956D46DE8}") = "Presentation", "Presentation", "{518E8D8A-CA32-43A7-918A-3B9047EE25B2}"
EndProject
Project("{2150E333-8FDC-42A3-9474-1A3956D46DE8}") = "src", "src", "{0D5C98D3-54B7-4A50-B6E1-583847C10172}"
EndProject
Project("{2150E333-8FDC-42A3-9474-1A3956D46DE8}") = "Persistence", "Persistence", "{7A4781D9-2DC7-4D21-A675-C2CFABDFE434}"
EndProject
Project("{2150E333-8FDC-42A3-9474-1A3956D46DE8}") = "Application", "Application", "{78B46A8F-386F-48A9-B312-DAC1EFDEC8EB}"
EndProject
Project("{2150E333-8FDC-42A3-9474-1A3956D46DE8}") = "Domain", "Domain", "{06E00DF7-CA14-4BEE-9963-0516D4781225}"
EndProject
Project("{2150E333-8FDC-42A3-9474-1A3956D46DE8}") = "Infraestructure", "Infraestructure", "{7E486D62-E808-4396-A879-FF8179998C09}"
EndProject
Global
	GlobalSection(SolutionConfigurationPlatforms) = preSolution
		Debug|Any CPU = Debug|Any CPU
		Release|Any CPU = Release|Any CPU
	EndGlobalSection
	GlobalSection(ProjectConfigurationPlatforms) = postSolution
		{E2580019-C7F0-40C7-8FE5-3D1BE8C4EF4F}.Debug|Any CPU.ActiveCfg = Debug|Any CPU
		{E2580019-C7F0-40C7-8FE5-3D1BE8C4EF4F}.Debug|Any CPU.Build.0 = Debug|Any CPU
		{E2580019-C7F0-40C7-8FE5-3D1BE8C4EF4F}.Release|Any CPU.ActiveCfg = Release|Any CPU
		{E2580019-C7F0-40C7-8FE5-3D1BE8C4EF4F}.Release|Any CPU.Build.0 = Release|Any CPU
	EndGlobalSection
	GlobalSection(SolutionProperties) = preSolution
		HideSolutionNode = FALSE
	EndGlobalSection
	GlobalSection(NestedProjects) = preSolution
		{E2580019-C7F0-40C7-8FE5-3D1BE8C4EF4F} = {518E8D8A-CA32-43A7-918A-3B9047EE25B2}
		{518E8D8A-CA32-43A7-918A-3B9047EE25B2} = {0D5C98D3-54B7-4A50-B6E1-583847C10172}
		{7A4781D9-2DC7-4D21-A675-C2CFABDFE434} = {0D5C98D3-54B7-4A50-B6E1-583847C10172}
		{78B46A8F-386F-48A9-B312-DAC1EFDEC8EB} = {0D5C98D3-54B7-4A50-B6E1-583847C10172}
		{06E00DF7-CA14-4BEE-9963-0516D4781225} = {0D5C98D3-54B7-4A50-B6E1-583847C10172}
		{7E486D62-E808-4396-A879-FF8179998C09} = {0D5C98D3-54B7-4A50-B6E1-583847C10172}
	EndGlobalSection
	GlobalSection(ExtensibilityGlobals) = postSolution
		SolutionGuid = {91682077-99C0-4004-A410-845777E58A1A}
	EndGlobalSection
EndGlobal
